{
  "name": "pushy",
  "version": "0.1.0",
  "lockfileVersion": 1,
  "requires": true,
  "dependencies": {
    "react-native-ble-plx": {
      "version": "0.8.0",
      "resolved": "https://registry.npmjs.org/react-native-ble-plx/-/react-native-ble-plx-0.8.0.tgz",
      "integrity": "sha512-klz86frXWbVSMSKSqIwdI0YkKw+XJRywblKZWeADTR3K6jWIND0lnEX9E21VXLOF2RorVsUNmyPgF94M6gVktA=="
    }
  }
}
